
Microsoft Visual Studio Solution File, Format Version 12.00
# Visual Studio Version 17
VisualStudioVersion = 17.5.33530.505
MinimumVisualStudioVersion = 10.0.40219.1
Project("{FAE04EC0-301F-11D3-BF4B-00C04F79EFBC}") = "udemyExercise1", "udemyExercise1.csproj", "{49A3FB89-36E9-4BAF-9A2F-43A5CCC03851}"
EndProject
Global
	GlobalSection(SolutionConfigurationPlatforms) = preSolution
		Debug|Any CPU = Debug|Any CPU
		Release|Any CPU = Release|Any CPU
	EndGlobalSection
	GlobalSection(ProjectConfigurationPlatforms) = postSolution
		{49A3FB89-36E9-4BAF-9A2F-43A5CCC03851}.Debug|Any CPU.ActiveCfg = Debug|Any CPU
		{49A3FB89-36E9-4BAF-9A2F-43A5CCC03851}.Debug|Any CPU.Build.0 = Debug|Any CPU
		{49A3FB89-36E9-4BAF-9A2F-43A5CCC03851}.Release|Any CPU.ActiveCfg = Release|Any CPU
		{49A3FB89-36E9-4BAF-9A2F-43A5CCC03851}.Release|Any CPU.Build.0 = Release|Any CPU
	EndGlobalSection
	GlobalSection(SolutionProperties) = preSolution
		HideSolutionNode = FALSE
	EndGlobalSection
	GlobalSection(ExtensibilityGlobals) = postSolution
		SolutionGuid = {E07E3DD7-512C-429B-BCA5-E6D10BA3D95A}
	EndGlobalSection
EndGlobal
